
Microsoft Visual Studio Solution File, Format Version 12.00
# Visual Studio Version 17
VisualStudioVersion = 17.5.33530.505
MinimumVisualStudioVersion = 10.0.40219.1
Project("{888888A0-9F3D-457C-B088-3A5042F75D52}") = "2.2", "2.2.pyproj", "{D2D26B40-89EB-4C43-9DB1-7E72DBBF7CB2}"
EndProject
Global
	GlobalSection(SolutionConfigurationPlatforms) = preSolution
		Debug|Any CPU = Debug|Any CPU
		Release|Any CPU = Release|Any CPU
	EndGlobalSection
	GlobalSection(ProjectConfigurationPlatforms) = postSolution
		{D2D26B40-89EB-4C43-9DB1-7E72DBBF7CB2}.Debug|Any CPU.ActiveCfg = Debug|Any CPU
		{D2D26B40-89EB-4C43-9DB1-7E72DBBF7CB2}.Release|Any CPU.ActiveCfg = Release|Any CPU
	EndGlobalSection
	GlobalSection(SolutionProperties) = preSolution
		HideSolutionNode = FALSE
	EndGlobalSection
	GlobalSection(ExtensibilityGlobals) = postSolution
		SolutionGuid = {5A85E27D-D36D-4C63-B238-C812C061FB0C}
	EndGlobalSection
EndGlobal
